
Microsoft Visual Studio Solution File, Format Version 12.00
# Visual Studio Version 17
VisualStudioVersion = 17.3.32929.385
MinimumVisualStudioVersion = 10.0.40219.1
Project("{FAE04EC0-301F-11D3-BF4B-00C04F79EFBC}") = "Q1", "Q1\Q1.csproj", "{3E036207-1240-4ED3-AFD3-482CAF45CC8E}"
EndProject
Global
	GlobalSection(SolutionConfigurationPlatforms) = preSolution
		Debug|Any CPU = Debug|Any CPU
		Release|Any CPU = Release|Any CPU
	EndGlobalSection
	GlobalSection(ProjectConfigurationPlatforms) = postSolution
		{3E036207-1240-4ED3-AFD3-482CAF45CC8E}.Debug|Any CPU.ActiveCfg = Debug|Any CPU
		{3E036207-1240-4ED3-AFD3-482CAF45CC8E}.Debug|Any CPU.Build.0 = Debug|Any CPU
		{3E036207-1240-4ED3-AFD3-482CAF45CC8E}.Release|Any CPU.ActiveCfg = Release|Any CPU
		{3E036207-1240-4ED3-AFD3-482CAF45CC8E}.Release|Any CPU.Build.0 = Release|Any CPU
	EndGlobalSection
	GlobalSection(SolutionProperties) = preSolution
		HideSolutionNode = FALSE
	EndGlobalSection
	GlobalSection(ExtensibilityGlobals) = postSolution
		SolutionGuid = {318C3227-D30E-46E6-89C6-63DD57B7CE60}
	EndGlobalSection
EndGlobal
